
Microsoft Visual Studio Solution File, Format Version 12.00
# Visual Studio 15
VisualStudioVersion = 15.0.28010.2046
MinimumVisualStudioVersion = 10.0.40219.1
Project("{9A19103F-16F7-4668-BE54-9A1E7A4F7556}") = "guezzer.Api", "guezzer.Api\guezzer.Api.csproj", "{6E43472A-2741-40BC-8AFE-40F63575270D}"
EndProject
Project("{FAE04EC0-301F-11D3-BF4B-00C04F79EFBC}") = "guezzer.Data", "guezzer.Data\guezzer.Data.csproj", "{79DED155-147A-41B1-84DA-885F3638806A}"
EndProject
Project("{FAE04EC0-301F-11D3-BF4B-00C04F79EFBC}") = "guezzer.Entities", "guezzer.Entities\guezzer.Entities.csproj", "{D91D772A-E210-49A6-A2FD-A1F57F2D6F0F}"
EndProject
Global
	GlobalSection(SolutionConfigurationPlatforms) = preSolution
		Debug|Any CPU = Debug|Any CPU
		Release|Any CPU = Release|Any CPU
	EndGlobalSection
	GlobalSection(ProjectConfigurationPlatforms) = postSolution
		{6E43472A-2741-40BC-8AFE-40F63575270D}.Debug|Any CPU.ActiveCfg = Debug|Any CPU
		{6E43472A-2741-40BC-8AFE-40F63575270D}.Debug|Any CPU.Build.0 = Debug|Any CPU
		{6E43472A-2741-40BC-8AFE-40F63575270D}.Release|Any CPU.ActiveCfg = Release|Any CPU
		{6E43472A-2741-40BC-8AFE-40F63575270D}.Release|Any CPU.Build.0 = Release|Any CPU
		{79DED155-147A-41B1-84DA-885F3638806A}.Debug|Any CPU.ActiveCfg = Debug|Any CPU
		{79DED155-147A-41B1-84DA-885F3638806A}.Debug|Any CPU.Build.0 = Debug|Any CPU
		{79DED155-147A-41B1-84DA-885F3638806A}.Release|Any CPU.ActiveCfg = Release|Any CPU
		{79DED155-147A-41B1-84DA-885F3638806A}.Release|Any CPU.Build.0 = Release|Any CPU
		{D91D772A-E210-49A6-A2FD-A1F57F2D6F0F}.Debug|Any CPU.ActiveCfg = Debug|Any CPU
		{D91D772A-E210-49A6-A2FD-A1F57F2D6F0F}.Debug|Any CPU.Build.0 = Debug|Any CPU
		{D91D772A-E210-49A6-A2FD-A1F57F2D6F0F}.Release|Any CPU.ActiveCfg = Release|Any CPU
		{D91D772A-E210-49A6-A2FD-A1F57F2D6F0F}.Release|Any CPU.Build.0 = Release|Any CPU
	EndGlobalSection
	GlobalSection(SolutionProperties) = preSolution
		HideSolutionNode = FALSE
	EndGlobalSection
	GlobalSection(ExtensibilityGlobals) = postSolution
		SolutionGuid = {B82EDE6C-1109-4EEB-AAC8-6729286FA2C1}
	EndGlobalSection
EndGlobal
